
Microsoft Visual Studio Solution File, Format Version 12.00
# Visual Studio Version 17
VisualStudioVersion = 17.0.32112.339
MinimumVisualStudioVersion = 10.0.40219.1
Project("{FAE04EC0-301F-11D3-BF4B-00C04F79EFBC}") = "AmIPositive", "AmIPositive\AmIPositive.csproj", "{2DFA0224-4E8E-49F6-B950-F98CA76AD11E}"
EndProject
Global
	GlobalSection(SolutionConfigurationPlatforms) = preSolution
		Debug|Any CPU = Debug|Any CPU
		Release|Any CPU = Release|Any CPU
	EndGlobalSection
	GlobalSection(ProjectConfigurationPlatforms) = postSolution
		{2DFA0224-4E8E-49F6-B950-F98CA76AD11E}.Debug|Any CPU.ActiveCfg = Debug|Any CPU
		{2DFA0224-4E8E-49F6-B950-F98CA76AD11E}.Debug|Any CPU.Build.0 = Debug|Any CPU
		{2DFA0224-4E8E-49F6-B950-F98CA76AD11E}.Release|Any CPU.ActiveCfg = Release|Any CPU
		{2DFA0224-4E8E-49F6-B950-F98CA76AD11E}.Release|Any CPU.Build.0 = Release|Any CPU
	EndGlobalSection
	GlobalSection(SolutionProperties) = preSolution
		HideSolutionNode = FALSE
	EndGlobalSection
	GlobalSection(ExtensibilityGlobals) = postSolution
		SolutionGuid = {BF184F6E-57CA-46DE-91B5-A39C7D3F2C28}
	EndGlobalSection
EndGlobal
